
Microsoft Visual Studio Solution File, Format Version 12.00
# Visual Studio Version 17
VisualStudioVersion = 17.1.32210.238
MinimumVisualStudioVersion = 10.0.40219.1
Project("{FAE04EC0-301F-11D3-BF4B-00C04F79EFBC}") = "CarFleetManagement", "CarFleetManagement\CarFleetManagement.csproj", "{3D024812-AFC6-4CEE-9416-57CE4C6F9140}"
EndProject
Global
	GlobalSection(SolutionConfigurationPlatforms) = preSolution
		Debug|Any CPU = Debug|Any CPU
		Release|Any CPU = Release|Any CPU
	EndGlobalSection
	GlobalSection(ProjectConfigurationPlatforms) = postSolution
		{3D024812-AFC6-4CEE-9416-57CE4C6F9140}.Debug|Any CPU.ActiveCfg = Debug|Any CPU
		{3D024812-AFC6-4CEE-9416-57CE4C6F9140}.Debug|Any CPU.Build.0 = Debug|Any CPU
		{3D024812-AFC6-4CEE-9416-57CE4C6F9140}.Release|Any CPU.ActiveCfg = Release|Any CPU
		{3D024812-AFC6-4CEE-9416-57CE4C6F9140}.Release|Any CPU.Build.0 = Release|Any CPU
	EndGlobalSection
	GlobalSection(SolutionProperties) = preSolution
		HideSolutionNode = FALSE
	EndGlobalSection
	GlobalSection(ExtensibilityGlobals) = postSolution
		SolutionGuid = {2B900555-A91B-4FD0-ADC0-D60A9F71F00C}
	EndGlobalSection
EndGlobal
